
Microsoft Visual Studio Solution File, Format Version 12.00
# Visual Studio Version 17
VisualStudioVersion = 17.10.35122.118
MinimumVisualStudioVersion = 10.0.40219.1
Project("{9A19103F-16F7-4668-BE54-9A1E7A4F7556}") = "BaseWeb", "BaseWeb\BaseWeb.csproj", "{1EACE97B-6DC9-43FF-802A-8995315A9BDC}"
EndProject
Project("{9A19103F-16F7-4668-BE54-9A1E7A4F7556}") = "CommonLibrary", "..\Core\CoreLibrary\CommonLibrary\CommonLibrary.csproj", "{21790D8D-7DCA-4710-BA1F-6C253DD6575E}"
EndProject
Project("{9A19103F-16F7-4668-BE54-9A1E7A4F7556}") = "CoreLibrary", "..\Core\CoreLibrary\CoreLibrary\CoreLibrary.csproj", "{9E9793A9-7A3F-44D7-AEB1-672DAA8FBAAC}"
EndProject
Project("{9A19103F-16F7-4668-BE54-9A1E7A4F7556}") = "ModelLibrary", "..\Core\CoreLibrary\ModelLibrary\ModelLibrary.csproj", "{97320BEC-F6B3-4051-9A37-96CD179EE9C4}"
EndProject
Project("{9A19103F-16F7-4668-BE54-9A1E7A4F7556}") = "BaseAppModelLibrary", "BaseAppModelLibrary\BaseAppModelLibrary.csproj", "{ED153020-1BA5-4CEF-AF11-0DC79D037BEA}"
EndProject
Project("{9A19103F-16F7-4668-BE54-9A1E7A4F7556}") = "BaseReport", "BaseReport\BaseReport.csproj", "{62977A58-5212-4CD0-9503-46C6C2617C78}"
EndProject
Project("{9A19103F-16F7-4668-BE54-9A1E7A4F7556}") = "ReportServiceClient", "..\Core\CoreLibrary\ReportServiceClient\ReportServiceClient.csproj", "{664C62E7-B08B-40D4-9042-0D031D267467}"
EndProject
Project("{9A19103F-16F7-4668-BE54-9A1E7A4F7556}") = "BaseApi", "BaseApi\BaseApi.csproj", "{5D2646FB-BA71-4A59-87B9-94AB7CE504E0}"
	ProjectSection(ProjectDependencies) = postProject
		{21790D8D-7DCA-4710-BA1F-6C253DD6575E} = {21790D8D-7DCA-4710-BA1F-6C253DD6575E}
		{97320BEC-F6B3-4051-9A37-96CD179EE9C4} = {97320BEC-F6B3-4051-9A37-96CD179EE9C4}
		{9E9793A9-7A3F-44D7-AEB1-672DAA8FBAAC} = {9E9793A9-7A3F-44D7-AEB1-672DAA8FBAAC}
		{ED153020-1BA5-4CEF-AF11-0DC79D037BEA} = {ED153020-1BA5-4CEF-AF11-0DC79D037BEA}
	EndProjectSection
EndProject
Project("{9A19103F-16F7-4668-BE54-9A1E7A4F7556}") = "BaseReportLibrary", "BaseReportLibrary\BaseReportLibrary.csproj", "{C0DCC838-4D12-49A6-9058-0645686A431A}"
EndProject
Project("{9A19103F-16F7-4668-BE54-9A1E7A4F7556}") = "BaseReportMain", "BaseReportMain\BaseReportMain.csproj", "{9AA6F6D0-588E-4633-9722-5FDAF6F116E5}"
EndProject
Project("{9A19103F-16F7-4668-BE54-9A1E7A4F7556}") = "BaseReportDriver", "BaseReportDriver\BaseReportDriver.csproj", "{898BF66A-DCE7-4D01-8850-EA6672302CAC}"
EndProject
Project("{9A19103F-16F7-4668-BE54-9A1E7A4F7556}") = "BaseReportDesignDriver", "BaseReportDesignDriver\BaseReportDesignDriver.csproj", "{C6863E04-E22F-4D4A-9101-4E48270B3747}"
EndProject
Project("{9A19103F-16F7-4668-BE54-9A1E7A4F7556}") = "BaseReportFontConfirmation", "BaseReportFontConfirmation\BaseReportFontConfirmation.csproj", "{50ADE0BC-43DB-4B8B-9F3E-AFC01F87D893}"
EndProject
Project("{9A19103F-16F7-4668-BE54-9A1E7A4F7556}") = "BAS_B0000_ManagementService", "BAS_B0000_ManagementService\BAS_B0000_ManagementService.csproj", "{0B346A1C-82B9-479D-A581-2691F2B90F8A}"
EndProject
Project("{9A19103F-16F7-4668-BE54-9A1E7A4F7556}") = "BAS_B0000_Management", "BAS_B0000_Management\BAS_B0000_Management.csproj", "{9243A3AF-80E0-4A24-B7F3-B41609DD0F19}"
EndProject
Project("{9A19103F-16F7-4668-BE54-9A1E7A4F7556}") = "BAS_B0001_BatchReport", "BAS_B0001_BatchReport\BAS_B0001_BatchReport.csproj", "{69D6B823-DA04-4838-B7EB-9755EF3900CB}"
EndProject
Project("{9A19103F-16F7-4668-BE54-9A1E7A4F7556}") = "BAS_B1001_TempFolderDelete", "BAS_B1001_TempFolderDelete\BAS_B1001_TempFolderDelete.csproj", "{BCA0049B-D5D7-42F5-BF93-BE177CA5468D}"
EndProject
Project("{9A19103F-16F7-4668-BE54-9A1E7A4F7556}") = "BAS_B9001_BatchYoyaku", "BAS_B9001_BatchYoyaku\BAS_B9001_BatchYoyaku.csproj", "{E3147FA0-B021-4E94-B5BD-34630EA4D5B8}"
EndProject
Project("{9A19103F-16F7-4668-BE54-9A1E7A4F7556}") = "NskWeb", "NskWeb\NskWeb.csproj", "{859A2EEC-2620-4203-8327-C98DEB6E3EDD}"
	ProjectSection(ProjectDependencies) = postProject
		{CA1475A6-8149-4DEA-9BE8-FC1C2FDD8C56} = {CA1475A6-8149-4DEA-9BE8-FC1C2FDD8C56}
	EndProjectSection
EndProject
Project("{9A19103F-16F7-4668-BE54-9A1E7A4F7556}") = "BaseDmpApi", "BaseDmpApi\BaseDmpApi.csproj", "{8B890231-A128-492C-89B5-2B07894FD17E}"
EndProject
Project("{9A19103F-16F7-4668-BE54-9A1E7A4F7556}") = "NSK_B000000_Management", "NSK_B000000_Management\NSK_B000000_Management.csproj", "{6289038A-82CE-4C72-8539-EF9AC0230565}"
EndProject
Project("{9A19103F-16F7-4668-BE54-9A1E7A4F7556}") = "NSK_B000000_ManagementService", "NSK_B000000_ManagementService\NSK_B000000_ManagementService.csproj", "{5664C894-2AD4-4E30-8D33-2CA8E208EE46}"
EndProject
Project("{9A19103F-16F7-4668-BE54-9A1E7A4F7556}") = "BAS_B0002_CsvExp", "BAS_B0002_CsvExp\BAS_B0002_CsvExp.csproj", "{19E9382E-5982-4659-8931-4C9E55910DF1}"
EndProject
Project("{9A19103F-16F7-4668-BE54-9A1E7A4F7556}") = "BAS_B9002_DmpExpBatch", "BAS_B9002_DmpExpBatch\BAS_B9002_DmpExpBatch.csproj", "{3C374087-4A86-4CB8-AE50-4BE523DC0DB4}"
EndProject
Project("{9A19103F-16F7-4668-BE54-9A1E7A4F7556}") = "NskAppModelLibrary", "NskAppModelLibrary\NskAppModelLibrary.csproj", "{CA1475A6-8149-4DEA-9BE8-FC1C2FDD8C56}"
EndProject
Project("{9A19103F-16F7-4668-BE54-9A1E7A4F7556}") = "NskCommonLibrary", "NskCommonLibrary\NskCommonLibrary.csproj", "{A283C0E3-B506-4E1A-ABE7-9827C7BD005F}"
EndProject
Global
	GlobalSection(SolutionConfigurationPlatforms) = preSolution
		Debug|Any CPU = Debug|Any CPU
		Release|Any CPU = Release|Any CPU
	EndGlobalSection
	GlobalSection(ProjectConfigurationPlatforms) = postSolution
		{1EACE97B-6DC9-43FF-802A-8995315A9BDC}.Debug|Any CPU.ActiveCfg = Debug|Any CPU
		{1EACE97B-6DC9-43FF-802A-8995315A9BDC}.Debug|Any CPU.Build.0 = Debug|Any CPU
		{1EACE97B-6DC9-43FF-802A-8995315A9BDC}.Release|Any CPU.ActiveCfg = Release|Any CPU
		{1EACE97B-6DC9-43FF-802A-8995315A9BDC}.Release|Any CPU.Build.0 = Release|Any CPU
		{21790D8D-7DCA-4710-BA1F-6C253DD6575E}.Debug|Any CPU.ActiveCfg = Debug|Any CPU
		{21790D8D-7DCA-4710-BA1F-6C253DD6575E}.Debug|Any CPU.Build.0 = Debug|Any CPU
		{21790D8D-7DCA-4710-BA1F-6C253DD6575E}.Release|Any CPU.ActiveCfg = Release|Any CPU
		{21790D8D-7DCA-4710-BA1F-6C253DD6575E}.Release|Any CPU.Build.0 = Release|Any CPU
		{9E9793A9-7A3F-44D7-AEB1-672DAA8FBAAC}.Debug|Any CPU.ActiveCfg = Debug|Any CPU
		{9E9793A9-7A3F-44D7-AEB1-672DAA8FBAAC}.Debug|Any CPU.Build.0 = Debug|Any CPU
		{9E9793A9-7A3F-44D7-AEB1-672DAA8FBAAC}.Release|Any CPU.ActiveCfg = Release|Any CPU
		{9E9793A9-7A3F-44D7-AEB1-672DAA8FBAAC}.Release|Any CPU.Build.0 = Release|Any CPU
		{97320BEC-F6B3-4051-9A37-96CD179EE9C4}.Debug|Any CPU.ActiveCfg = Debug|Any CPU
		{97320BEC-F6B3-4051-9A37-96CD179EE9C4}.Debug|Any CPU.Build.0 = Debug|Any CPU
		{97320BEC-F6B3-4051-9A37-96CD179EE9C4}.Release|Any CPU.ActiveCfg = Release|Any CPU
		{97320BEC-F6B3-4051-9A37-96CD179EE9C4}.Release|Any CPU.Build.0 = Release|Any CPU
		{ED153020-1BA5-4CEF-AF11-0DC79D037BEA}.Debug|Any CPU.ActiveCfg = Debug|Any CPU
		{ED153020-1BA5-4CEF-AF11-0DC79D037BEA}.Debug|Any CPU.Build.0 = Debug|Any CPU
		{ED153020-1BA5-4CEF-AF11-0DC79D037BEA}.Release|Any CPU.ActiveCfg = Release|Any CPU
		{ED153020-1BA5-4CEF-AF11-0DC79D037BEA}.Release|Any CPU.Build.0 = Release|Any CPU
		{62977A58-5212-4CD0-9503-46C6C2617C78}.Debug|Any CPU.ActiveCfg = Debug|Any CPU
		{62977A58-5212-4CD0-9503-46C6C2617C78}.Debug|Any CPU.Build.0 = Debug|Any CPU
		{62977A58-5212-4CD0-9503-46C6C2617C78}.Release|Any CPU.ActiveCfg = Release|Any CPU
		{62977A58-5212-4CD0-9503-46C6C2617C78}.Release|Any CPU.Build.0 = Release|Any CPU
		{664C62E7-B08B-40D4-9042-0D031D267467}.Debug|Any CPU.ActiveCfg = Debug|Any CPU
		{664C62E7-B08B-40D4-9042-0D031D267467}.Debug|Any CPU.Build.0 = Debug|Any CPU
		{664C62E7-B08B-40D4-9042-0D031D267467}.Release|Any CPU.ActiveCfg = Release|Any CPU
		{664C62E7-B08B-40D4-9042-0D031D267467}.Release|Any CPU.Build.0 = Release|Any CPU
		{5D2646FB-BA71-4A59-87B9-94AB7CE504E0}.Debug|Any CPU.ActiveCfg = Debug|Any CPU
		{5D2646FB-BA71-4A59-87B9-94AB7CE504E0}.Debug|Any CPU.Build.0 = Debug|Any CPU
		{5D2646FB-BA71-4A59-87B9-94AB7CE504E0}.Release|Any CPU.ActiveCfg = Release|Any CPU
		{5D2646FB-BA71-4A59-87B9-94AB7CE504E0}.Release|Any CPU.Build.0 = Release|Any CPU
		{C0DCC838-4D12-49A6-9058-0645686A431A}.Debug|Any CPU.ActiveCfg = Debug|Any CPU
		{C0DCC838-4D12-49A6-9058-0645686A431A}.Debug|Any CPU.Build.0 = Debug|Any CPU
		{C0DCC838-4D12-49A6-9058-0645686A431A}.Release|Any CPU.ActiveCfg = Release|Any CPU
		{C0DCC838-4D12-49A6-9058-0645686A431A}.Release|Any CPU.Build.0 = Release|Any CPU
		{9AA6F6D0-588E-4633-9722-5FDAF6F116E5}.Debug|Any CPU.ActiveCfg = Debug|Any CPU
		{9AA6F6D0-588E-4633-9722-5FDAF6F116E5}.Debug|Any CPU.Build.0 = Debug|Any CPU
		{9AA6F6D0-588E-4633-9722-5FDAF6F116E5}.Release|Any CPU.ActiveCfg = Release|Any CPU
		{9AA6F6D0-588E-4633-9722-5FDAF6F116E5}.Release|Any CPU.Build.0 = Release|Any CPU
		{898BF66A-DCE7-4D01-8850-EA6672302CAC}.Debug|Any CPU.ActiveCfg = Debug|Any CPU
		{898BF66A-DCE7-4D01-8850-EA6672302CAC}.Debug|Any CPU.Build.0 = Debug|Any CPU
		{898BF66A-DCE7-4D01-8850-EA6672302CAC}.Release|Any CPU.ActiveCfg = Release|Any CPU
		{898BF66A-DCE7-4D01-8850-EA6672302CAC}.Release|Any CPU.Build.0 = Release|Any CPU
		{C6863E04-E22F-4D4A-9101-4E48270B3747}.Debug|Any CPU.ActiveCfg = Debug|Any CPU
		{C6863E04-E22F-4D4A-9101-4E48270B3747}.Debug|Any CPU.Build.0 = Debug|Any CPU
		{C6863E04-E22F-4D4A-9101-4E48270B3747}.Release|Any CPU.ActiveCfg = Release|Any CPU
		{50ADE0BC-43DB-4B8B-9F3E-AFC01F87D893}.Debug|Any CPU.ActiveCfg = Debug|Any CPU
		{50ADE0BC-43DB-4B8B-9F3E-AFC01F87D893}.Debug|Any CPU.Build.0 = Debug|Any CPU
		{50ADE0BC-43DB-4B8B-9F3E-AFC01F87D893}.Release|Any CPU.ActiveCfg = Release|Any CPU
		{0B346A1C-82B9-479D-A581-2691F2B90F8A}.Debug|Any CPU.ActiveCfg = Debug|Any CPU
		{0B346A1C-82B9-479D-A581-2691F2B90F8A}.Debug|Any CPU.Build.0 = Debug|Any CPU
		{0B346A1C-82B9-479D-A581-2691F2B90F8A}.Release|Any CPU.ActiveCfg = Release|Any CPU
		{0B346A1C-82B9-479D-A581-2691F2B90F8A}.Release|Any CPU.Build.0 = Release|Any CPU
		{9243A3AF-80E0-4A24-B7F3-B41609DD0F19}.Debug|Any CPU.ActiveCfg = Debug|Any CPU
		{9243A3AF-80E0-4A24-B7F3-B41609DD0F19}.Debug|Any CPU.Build.0 = Debug|Any CPU
		{9243A3AF-80E0-4A24-B7F3-B41609DD0F19}.Release|Any CPU.ActiveCfg = Release|Any CPU
		{9243A3AF-80E0-4A24-B7F3-B41609DD0F19}.Release|Any CPU.Build.0 = Release|Any CPU
		{69D6B823-DA04-4838-B7EB-9755EF3900CB}.Debug|Any CPU.ActiveCfg = Debug|Any CPU
		{69D6B823-DA04-4838-B7EB-9755EF3900CB}.Debug|Any CPU.Build.0 = Debug|Any CPU
		{69D6B823-DA04-4838-B7EB-9755EF3900CB}.Release|Any CPU.ActiveCfg = Release|Any CPU
		{69D6B823-DA04-4838-B7EB-9755EF3900CB}.Release|Any CPU.Build.0 = Release|Any CPU
		{BCA0049B-D5D7-42F5-BF93-BE177CA5468D}.Debug|Any CPU.ActiveCfg = Debug|Any CPU
		{BCA0049B-D5D7-42F5-BF93-BE177CA5468D}.Debug|Any CPU.Build.0 = Debug|Any CPU
		{BCA0049B-D5D7-42F5-BF93-BE177CA5468D}.Release|Any CPU.ActiveCfg = Release|Any CPU
		{BCA0049B-D5D7-42F5-BF93-BE177CA5468D}.Release|Any CPU.Build.0 = Release|Any CPU
		{E3147FA0-B021-4E94-B5BD-34630EA4D5B8}.Debug|Any CPU.ActiveCfg = Debug|Any CPU
		{E3147FA0-B021-4E94-B5BD-34630EA4D5B8}.Debug|Any CPU.Build.0 = Debug|Any CPU
		{E3147FA0-B021-4E94-B5BD-34630EA4D5B8}.Release|Any CPU.ActiveCfg = Release|Any CPU
		{E3147FA0-B021-4E94-B5BD-34630EA4D5B8}.Release|Any CPU.Build.0 = Release|Any CPU
		{859A2EEC-2620-4203-8327-C98DEB6E3EDD}.Debug|Any CPU.ActiveCfg = Debug|Any CPU
		{859A2EEC-2620-4203-8327-C98DEB6E3EDD}.Debug|Any CPU.Build.0 = Debug|Any CPU
		{859A2EEC-2620-4203-8327-C98DEB6E3EDD}.Release|Any CPU.ActiveCfg = Release|Any CPU
		{859A2EEC-2620-4203-8327-C98DEB6E3EDD}.Release|Any CPU.Build.0 = Release|Any CPU
		{8B890231-A128-492C-89B5-2B07894FD17E}.Debug|Any CPU.ActiveCfg = Debug|Any CPU
		{8B890231-A128-492C-89B5-2B07894FD17E}.Debug|Any CPU.Build.0 = Debug|Any CPU
		{8B890231-A128-492C-89B5-2B07894FD17E}.Release|Any CPU.ActiveCfg = Release|Any CPU
		{8B890231-A128-492C-89B5-2B07894FD17E}.Release|Any CPU.Build.0 = Release|Any CPU
		{6289038A-82CE-4C72-8539-EF9AC0230565}.Debug|Any CPU.ActiveCfg = Debug|Any CPU
		{6289038A-82CE-4C72-8539-EF9AC0230565}.Debug|Any CPU.Build.0 = Debug|Any CPU
		{6289038A-82CE-4C72-8539-EF9AC0230565}.Release|Any CPU.ActiveCfg = Release|Any CPU
		{6289038A-82CE-4C72-8539-EF9AC0230565}.Release|Any CPU.Build.0 = Release|Any CPU
		{5664C894-2AD4-4E30-8D33-2CA8E208EE46}.Debug|Any CPU.ActiveCfg = Debug|Any CPU
		{5664C894-2AD4-4E30-8D33-2CA8E208EE46}.Debug|Any CPU.Build.0 = Debug|Any CPU
		{5664C894-2AD4-4E30-8D33-2CA8E208EE46}.Release|Any CPU.ActiveCfg = Release|Any CPU
		{5664C894-2AD4-4E30-8D33-2CA8E208EE46}.Release|Any CPU.Build.0 = Release|Any CPU
		{19E9382E-5982-4659-8931-4C9E55910DF1}.Debug|Any CPU.ActiveCfg = Debug|Any CPU
		{19E9382E-5982-4659-8931-4C9E55910DF1}.Debug|Any CPU.Build.0 = Debug|Any CPU
		{19E9382E-5982-4659-8931-4C9E55910DF1}.Release|Any CPU.ActiveCfg = Release|Any CPU
		{19E9382E-5982-4659-8931-4C9E55910DF1}.Release|Any CPU.Build.0 = Release|Any CPU
		{3C374087-4A86-4CB8-AE50-4BE523DC0DB4}.Debug|Any CPU.ActiveCfg = Debug|Any CPU
		{3C374087-4A86-4CB8-AE50-4BE523DC0DB4}.Debug|Any CPU.Build.0 = Debug|Any CPU
		{3C374087-4A86-4CB8-AE50-4BE523DC0DB4}.Release|Any CPU.ActiveCfg = Release|Any CPU
		{3C374087-4A86-4CB8-AE50-4BE523DC0DB4}.Release|Any CPU.Build.0 = Release|Any CPU
		{CA1475A6-8149-4DEA-9BE8-FC1C2FDD8C56}.Debug|Any CPU.ActiveCfg = Debug|Any CPU
		{CA1475A6-8149-4DEA-9BE8-FC1C2FDD8C56}.Debug|Any CPU.Build.0 = Debug|Any CPU
		{CA1475A6-8149-4DEA-9BE8-FC1C2FDD8C56}.Release|Any CPU.ActiveCfg = Release|Any CPU
		{CA1475A6-8149-4DEA-9BE8-FC1C2FDD8C56}.Release|Any CPU.Build.0 = Release|Any CPU
		{A283C0E3-B506-4E1A-ABE7-9827C7BD005F}.Debug|Any CPU.ActiveCfg = Debug|Any CPU
		{A283C0E3-B506-4E1A-ABE7-9827C7BD005F}.Debug|Any CPU.Build.0 = Debug|Any CPU
		{A283C0E3-B506-4E1A-ABE7-9827C7BD005F}.Release|Any CPU.ActiveCfg = Release|Any CPU
		{A283C0E3-B506-4E1A-ABE7-9827C7BD005F}.Release|Any CPU.Build.0 = Release|Any CPU
	EndGlobalSection
	GlobalSection(SolutionProperties) = preSolution
		HideSolutionNode = FALSE
	EndGlobalSection
	GlobalSection(ExtensibilityGlobals) = postSolution
		SolutionGuid = {EAABAAFD-5D5B-4141-87A4-72F391C6E75A}
	EndGlobalSection
EndGlobal
